
Microsoft Visual Studio Solution File, Format Version 11.00
# Visual Studio 2010
Project("{FAE04EC0-301F-11D3-BF4B-00C04F79EFBC}") = "WoodScape", "Assembly-CSharp.csproj", "{08320617-FA50-1E86-38CB-3CF0121F0935}"
EndProject
Global
	GlobalSection(SolutionConfigurationPlatforms) = preSolution
		Debug|Any CPU = Debug|Any CPU
		Release|Any CPU = Release|Any CPU
	EndGlobalSection
	GlobalSection(ProjectConfigurationPlatforms) = postSolution
		{08320617-FA50-1E86-38CB-3CF0121F0935}.Debug|Any CPU.ActiveCfg = Debug|Any CPU
		{08320617-FA50-1E86-38CB-3CF0121F0935}.Debug|Any CPU.Build.0 = Debug|Any CPU
		{08320617-FA50-1E86-38CB-3CF0121F0935}.Release|Any CPU.ActiveCfg = Release|Any CPU
		{08320617-FA50-1E86-38CB-3CF0121F0935}.Release|Any CPU.Build.0 = Release|Any CPU
	EndGlobalSection
	GlobalSection(SolutionProperties) = preSolution
		HideSolutionNode = FALSE
	EndGlobalSection
	GlobalSection(MonoDevelopProperties) = preSolution
		StartupItem = Assembly-CSharp.csproj
	EndGlobalSection
EndGlobal
